
Microsoft Visual Studio Solution File, Format Version 12.00
# Visual Studio Version 17
VisualStudioVersion = 17.7.34031.279
MinimumVisualStudioVersion = 10.0.40219.1
Project("{FAE04EC0-301F-11D3-BF4B-00C04F79EFBC}") = "QuizMongoDB", "QuizMongoDB\QuizMongoDB.csproj", "{D0D03B61-D559-4EBA-9CEA-E8345B19D3F9}"
EndProject
Global
	GlobalSection(SolutionConfigurationPlatforms) = preSolution
		Debug|Any CPU = Debug|Any CPU
		Release|Any CPU = Release|Any CPU
	EndGlobalSection
	GlobalSection(ProjectConfigurationPlatforms) = postSolution
		{D0D03B61-D559-4EBA-9CEA-E8345B19D3F9}.Debug|Any CPU.ActiveCfg = Debug|Any CPU
		{D0D03B61-D559-4EBA-9CEA-E8345B19D3F9}.Debug|Any CPU.Build.0 = Debug|Any CPU
		{D0D03B61-D559-4EBA-9CEA-E8345B19D3F9}.Release|Any CPU.ActiveCfg = Release|Any CPU
		{D0D03B61-D559-4EBA-9CEA-E8345B19D3F9}.Release|Any CPU.Build.0 = Release|Any CPU
	EndGlobalSection
	GlobalSection(SolutionProperties) = preSolution
		HideSolutionNode = FALSE
	EndGlobalSection
	GlobalSection(ExtensibilityGlobals) = postSolution
		SolutionGuid = {B4DA6205-3688-4287-B174-505EEA5584E6}
	EndGlobalSection
EndGlobal
